// !$*UTF8*$!
{
	archiveVersion = 1;
	classes = {
	};
	objectVersion = 56;
	objects = {

/* Begin PBXBuildFile section */
		7B2D1F572A4C706300FDB1CB /* Composite.storyboard in Resources */ = {isa = PBXBuildFile; fileRef = 7B2D1F562A4C706300FDB1CB /* Composite.storyboard */; };
		7B2D1F592A4C707100FDB1CB /* CompositeViewController.swift in Sources */ = {isa = PBXBuildFile; fileRef = 7B2D1F582A4C707100FDB1CB /* CompositeViewController.swift */; };
		7B2D1F5B2A4C70D500FDB1CB /* Composite.swift in Sources */ = {isa = PBXBuildFile; fileRef = 7B2D1F5A2A4C70D500FDB1CB /* Composite.swift */; };
		7B5A83952B4FE41D00459125 /* Handlers.swift in Sources */ = {isa = PBXBuildFile; fileRef = 7B5A83942B4FE41D00459125 /* Handlers.swift */; };
		7B5A83992B4FE7A400459125 /* Extensions.swift in Sources */ = {isa = PBXBuildFile; fileRef = 7B5A83982B4FE7A400459125 /* Extensions.swift */; };
		7B5A839B2B4FEC3D00459125 /* ChainOfResponsibility.storyboard in Resources */ = {isa = PBXBuildFile; fileRef = 7B5A839A2B4FEC3D00459125 /* ChainOfResponsibility.storyboard */; };
		7B5A839D2B4FECAC00459125 /* ChainOfResposibilityViewController.swift in Sources */ = {isa = PBXBuildFile; fileRef = 7B5A839C2B4FECAC00459125 /* ChainOfResposibilityViewController.swift */; };
		7B5A839F2B5034FA00459125 /* RequestErrors.swift in Sources */ = {isa = PBXBuildFile; fileRef = 7B5A839E2B5034FA00459125 /* RequestErrors.swift */; };
		7B5A83A12B50351E00459125 /* Requests.swift in Sources */ = {isa = PBXBuildFile; fileRef = 7B5A83A02B50351E00459125 /* Requests.swift */; };
		7B7191C82A372049008A930B /* BuilderViewController.swift in Sources */ = {isa = PBXBuildFile; fileRef = 7B7191C72A372049008A930B /* BuilderViewController.swift */; };
		7B7191CA2A37206F008A930B /* Builder.storyboard in Resources */ = {isa = PBXBuildFile; fileRef = 7B7191C92A37206F008A930B /* Builder.storyboard */; };
		7B7191CC2A372077008A930B /* Builder.swift in Sources */ = {isa = PBXBuildFile; fileRef = 7B7191CB2A372077008A930B /* Builder.swift */; };
		7B7191CE2A3758E0008A930B /* FinishedMotorcycleBuilder.swift in Sources */ = {isa = PBXBuildFile; fileRef = 7B7191CD2A3758E0008A930B /* FinishedMotorcycleBuilder.swift */; };
		7B7191D02A375905008A930B /* MotorcycleShop.swift in Sources */ = {isa = PBXBuildFile; fileRef = 7B7191CF2A375905008A930B /* MotorcycleShop.swift */; };
		7BC3C59A2A0B9696007F61C9 /* AppDelegate.swift in Sources */ = {isa = PBXBuildFile; fileRef = 7BC3C5992A0B9696007F61C9 /* AppDelegate.swift */; };
		7BC3C59C2A0B9696007F61C9 /* SceneDelegate.swift in Sources */ = {isa = PBXBuildFile; fileRef = 7BC3C59B2A0B9696007F61C9 /* SceneDelegate.swift */; };
		7BC3C59E2A0B9696007F61C9 /* AdapterViewController.swift in Sources */ = {isa = PBXBuildFile; fileRef = 7BC3C59D2A0B9696007F61C9 /* AdapterViewController.swift */; };
		7BC3C5A12A0B9696007F61C9 /* Adapter.storyboard in Resources */ = {isa = PBXBuildFile; fileRef = 7BC3C59F2A0B9696007F61C9 /* Adapter.storyboard */; };
		7BC3C5A32A0B9696007F61C9 /* Assets.xcassets in Resources */ = {isa = PBXBuildFile; fileRef = 7BC3C5A22A0B9696007F61C9 /* Assets.xcassets */; };
		7BC3C5A62A0B9696007F61C9 /* LaunchScreen.storyboard in Resources */ = {isa = PBXBuildFile; fileRef = 7BC3C5A42A0B9696007F61C9 /* LaunchScreen.storyboard */; };
		7BC3C5AE2A0BAF2C007F61C9 /* Motorcycles.swift in Sources */ = {isa = PBXBuildFile; fileRef = 7BC3C5AD2A0BAF2C007F61C9 /* Motorcycles.swift */; };
		7BC3C5B02A0BB058007F61C9 /* Adapter.swift in Sources */ = {isa = PBXBuildFile; fileRef = 7BC3C5AF2A0BB058007F61C9 /* Adapter.swift */; };
		7BC3C5B22A0CFADD007F61C9 /* Adaptee.swift in Sources */ = {isa = PBXBuildFile; fileRef = 7BC3C5B12A0CFADD007F61C9 /* Adaptee.swift */; };
		7BC3C5B62A12498C007F61C9 /* StateFacade.storyboard in Resources */ = {isa = PBXBuildFile; fileRef = 7BC3C5B52A12498C007F61C9 /* StateFacade.storyboard */; };
		7BC3C5B82A1249AB007F61C9 /* StateFacadeViewController.swift in Sources */ = {isa = PBXBuildFile; fileRef = 7BC3C5B72A1249AB007F61C9 /* StateFacadeViewController.swift */; };
		7BC3C5BA2A124E90007F61C9 /* MotorcycleProtocol.swift in Sources */ = {isa = PBXBuildFile; fileRef = 7BC3C5B92A124E90007F61C9 /* MotorcycleProtocol.swift */; };
		7BC3C5BC2A124ED1007F61C9 /* MotorcycleState.swift in Sources */ = {isa = PBXBuildFile; fileRef = 7BC3C5BB2A124ED1007F61C9 /* MotorcycleState.swift */; };
		7BC3C5BF2A124FA4007F61C9 /* Motorcycle.swift in Sources */ = {isa = PBXBuildFile; fileRef = 7BC3C5BE2A124FA4007F61C9 /* Motorcycle.swift */; };
		7BC3C5C12A125441007F61C9 /* MovingState.swift in Sources */ = {isa = PBXBuildFile; fileRef = 7BC3C5C02A125441007F61C9 /* MovingState.swift */; };
		7BC3C5C32A125AE7007F61C9 /* StoppedState.swift in Sources */ = {isa = PBXBuildFile; fileRef = 7BC3C5C22A125AE7007F61C9 /* StoppedState.swift */; };
		7BC3C5C82A14C8F1007F61C9 /* UIImageViewExtension.swift in Sources */ = {isa = PBXBuildFile; fileRef = 7BC3C5C72A14C8F1007F61C9 /* UIImageViewExtension.swift */; };
		7BC3C5CA2A14C928007F61C9 /* ImageDownloader.swift in Sources */ = {isa = PBXBuildFile; fileRef = 7BC3C5C92A14C928007F61C9 /* ImageDownloader.swift */; };
		7BC3C5CC2A1B6CD2007F61C9 /* Menu.storyboard in Resources */ = {isa = PBXBuildFile; fileRef = 7BC3C5CB2A1B6CD2007F61C9 /* Menu.storyboard */; };
		7BC3C5CE2A1B6CE1007F61C9 /* MenuViewController.swift in Sources */ = {isa = PBXBuildFile; fileRef = 7BC3C5CD2A1B6CE1007F61C9 /* MenuViewController.swift */; };
		7BC3C5D22A1B70C7007F61C9 /* DecoratorViewController.swift in Sources */ = {isa = PBXBuildFile; fileRef = 7BC3C5D12A1B70C7007F61C9 /* DecoratorViewController.swift */; };
		7BC3C5D42A1B70CF007F61C9 /* Decorator.storyboard in Resources */ = {isa = PBXBuildFile; fileRef = 7BC3C5D32A1B70CF007F61C9 /* Decorator.storyboard */; };
		7BC3C5D62A1B8C1D007F61C9 /* Decorator.swift in Sources */ = {isa = PBXBuildFile; fileRef = 7BC3C5D52A1B8C1D007F61C9 /* Decorator.swift */; };
		7BC3C5D92A1F865A007F61C9 /* ObserverViewController.swift in Sources */ = {isa = PBXBuildFile; fileRef = 7BC3C5D82A1F865A007F61C9 /* ObserverViewController.swift */; };
		7BC3C5DB2A1F8662007F61C9 /* Observer.storyboard in Resources */ = {isa = PBXBuildFile; fileRef = 7BC3C5DA2A1F8662007F61C9 /* Observer.storyboard */; };
		7BC3C5DD2A1F87F8007F61C9 /* Observer.swift in Sources */ = {isa = PBXBuildFile; fileRef = 7BC3C5DC2A1F87F8007F61C9 /* Observer.swift */; };
/* End PBXBuildFile section */

/* Begin PBXFileReference section */
		7B2D1F562A4C706300FDB1CB /* Composite.storyboard */ = {isa = PBXFileReference; lastKnownFileType = file.storyboard; path = Composite.storyboard; sourceTree = "<group>"; };
		7B2D1F582A4C707100FDB1CB /* CompositeViewController.swift */ = {isa = PBXFileReference; lastKnownFileType = sourcecode.swift; path = CompositeViewController.swift; sourceTree = "<group>"; };
		7B2D1F5A2A4C70D500FDB1CB /* Composite.swift */ = {isa = PBXFileReference; lastKnownFileType = sourcecode.swift; path = Composite.swift; sourceTree = "<group>"; };
		7B5A83942B4FE41D00459125 /* Handlers.swift */ = {isa = PBXFileReference; lastKnownFileType = sourcecode.swift; path = Handlers.swift; sourceTree = "<group>"; };
		7B5A83982B4FE7A400459125 /* Extensions.swift */ = {isa = PBXFileReference; lastKnownFileType = sourcecode.swift; path = Extensions.swift; sourceTree = "<group>"; };
		7B5A839A2B4FEC3D00459125 /* ChainOfResponsibility.storyboard */ = {isa = PBXFileReference; lastKnownFileType = file.storyboard; path = ChainOfResponsibility.storyboard; sourceTree = "<group>"; };
		7B5A839C2B4FECAC00459125 /* ChainOfResposibilityViewController.swift */ = {isa = PBXFileReference; lastKnownFileType = sourcecode.swift; path = ChainOfResposibilityViewController.swift; sourceTree = "<group>"; };
		7B5A839E2B5034FA00459125 /* RequestErrors.swift */ = {isa = PBXFileReference; lastKnownFileType = sourcecode.swift; path = RequestErrors.swift; sourceTree = "<group>"; };
		7B5A83A02B50351E00459125 /* Requests.swift */ = {isa = PBXFileReference; lastKnownFileType = sourcecode.swift; path = Requests.swift; sourceTree = "<group>"; };
		7B7191C72A372049008A930B /* BuilderViewController.swift */ = {isa = PBXFileReference; lastKnownFileType = sourcecode.swift; path = BuilderViewController.swift; sourceTree = "<group>"; };
		7B7191C92A37206F008A930B /* Builder.storyboard */ = {isa = PBXFileReference; lastKnownFileType = file.storyboard; path = Builder.storyboard; sourceTree = "<group>"; };
		7B7191CB2A372077008A930B /* Builder.swift */ = {isa = PBXFileReference; lastKnownFileType = sourcecode.swift; path = Builder.swift; sourceTree = "<group>"; };
		7B7191CD2A3758E0008A930B /* FinishedMotorcycleBuilder.swift */ = {isa = PBXFileReference; lastKnownFileType = sourcecode.swift; path = FinishedMotorcycleBuilder.swift; sourceTree = "<group>"; };
		7B7191CF2A375905008A930B /* MotorcycleShop.swift */ = {isa = PBXFileReference; lastKnownFileType = sourcecode.swift; path = MotorcycleShop.swift; sourceTree = "<group>"; };
		7BC3C5962A0B9696007F61C9 /* Adapter.app */ = {isa = PBXFileReference; explicitFileType = wrapper.application; includeInIndex = 0; path = Adapter.app; sourceTree = BUILT_PRODUCTS_DIR; };
		7BC3C5992A0B9696007F61C9 /* AppDelegate.swift */ = {isa = PBXFileReference; lastKnownFileType = sourcecode.swift; path = AppDelegate.swift; sourceTree = "<group>"; };
		7BC3C59B2A0B9696007F61C9 /* SceneDelegate.swift */ = {isa = PBXFileReference; lastKnownFileType = sourcecode.swift; path = SceneDelegate.swift; sourceTree = "<group>"; };
		7BC3C59D2A0B9696007F61C9 /* AdapterViewController.swift */ = {isa = PBXFileReference; lastKnownFileType = sourcecode.swift; path = AdapterViewController.swift; sourceTree = "<group>"; };
		7BC3C5A02A0B9696007F61C9 /* Base */ = {isa = PBXFileReference; lastKnownFileType = file.storyboard; name = Base; path = Base.lproj/Adapter.storyboard; sourceTree = "<group>"; };
		7BC3C5A22A0B9696007F61C9 /* Assets.xcassets */ = {isa = PBXFileReference; lastKnownFileType = folder.assetcatalog; path = Assets.xcassets; sourceTree = "<group>"; };
		7BC3C5A52A0B9696007F61C9 /* Base */ = {isa = PBXFileReference; lastKnownFileType = file.storyboard; name = Base; path = Base.lproj/LaunchScreen.storyboard; sourceTree = "<group>"; };
		7BC3C5A72A0B9696007F61C9 /* Info.plist */ = {isa = PBXFileReference; lastKnownFileType = text.plist.xml; path = Info.plist; sourceTree = "<group>"; };
		7BC3C5AD2A0BAF2C007F61C9 /* Motorcycles.swift */ = {isa = PBXFileReference; lastKnownFileType = sourcecode.swift; path = Motorcycles.swift; sourceTree = "<group>"; };
		7BC3C5AF2A0BB058007F61C9 /* Adapter.swift */ = {isa = PBXFileReference; lastKnownFileType = sourcecode.swift; path = Adapter.swift; sourceTree = "<group>"; };
		7BC3C5B12A0CFADD007F61C9 /* Adaptee.swift */ = {isa = PBXFileReference; lastKnownFileType = sourcecode.swift; path = Adaptee.swift; sourceTree = "<group>"; };
		7BC3C5B52A12498C007F61C9 /* StateFacade.storyboard */ = {isa = PBXFileReference; lastKnownFileType = file.storyboard; path = StateFacade.storyboard; sourceTree = "<group>"; };
		7BC3C5B72A1249AB007F61C9 /* StateFacadeViewController.swift */ = {isa = PBXFileReference; lastKnownFileType = sourcecode.swift; path = StateFacadeViewController.swift; sourceTree = "<group>"; };
		7BC3C5B92A124E90007F61C9 /* MotorcycleProtocol.swift */ = {isa = PBXFileReference; lastKnownFileType = sourcecode.swift; path = MotorcycleProtocol.swift; sourceTree = "<group>"; };
		7BC3C5BB2A124ED1007F61C9 /* MotorcycleState.swift */ = {isa = PBXFileReference; lastKnownFileType = sourcecode.swift; path = MotorcycleState.swift; sourceTree = "<group>"; };
		7BC3C5BE2A124FA4007F61C9 /* Motorcycle.swift */ = {isa = PBXFileReference; lastKnownFileType = sourcecode.swift; path = Motorcycle.swift; sourceTree = "<group>"; };
		7BC3C5C02A125441007F61C9 /* MovingState.swift */ = {isa = PBXFileReference; lastKnownFileType = sourcecode.swift; path = MovingState.swift; sourceTree = "<group>"; };
		7BC3C5C22A125AE7007F61C9 /* StoppedState.swift */ = {isa = PBXFileReference; lastKnownFileType = sourcecode.swift; path = StoppedState.swift; sourceTree = "<group>"; };
		7BC3C5C72A14C8F1007F61C9 /* UIImageViewExtension.swift */ = {isa = PBXFileReference; lastKnownFileType = sourcecode.swift; path = UIImageViewExtension.swift; sourceTree = "<group>"; };
		7BC3C5C92A14C928007F61C9 /* ImageDownloader.swift */ = {isa = PBXFileReference; lastKnownFileType = sourcecode.swift; path = ImageDownloader.swift; sourceTree = "<group>"; };
		7BC3C5CB2A1B6CD2007F61C9 /* Menu.storyboard */ = {isa = PBXFileReference; lastKnownFileType = file.storyboard; path = Menu.storyboard; sourceTree = "<group>"; };
		7BC3C5CD2A1B6CE1007F61C9 /* MenuViewController.swift */ = {isa = PBXFileReference; lastKnownFileType = sourcecode.swift; path = MenuViewController.swift; sourceTree = "<group>"; };
		7BC3C5D12A1B70C7007F61C9 /* DecoratorViewController.swift */ = {isa = PBXFileReference; lastKnownFileType = sourcecode.swift; path = DecoratorViewController.swift; sourceTree = "<group>"; };
		7BC3C5D32A1B70CF007F61C9 /* Decorator.storyboard */ = {isa = PBXFileReference; lastKnownFileType = file.storyboard; path = Decorator.storyboard; sourceTree = "<group>"; };
		7BC3C5D52A1B8C1D007F61C9 /* Decorator.swift */ = {isa = PBXFileReference; lastKnownFileType = sourcecode.swift; path = Decorator.swift; sourceTree = "<group>"; };
		7BC3C5D82A1F865A007F61C9 /* ObserverViewController.swift */ = {isa = PBXFileReference; lastKnownFileType = sourcecode.swift; path = ObserverViewController.swift; sourceTree = "<group>"; };
		7BC3C5DA2A1F8662007F61C9 /* Observer.storyboard */ = {isa = PBXFileReference; lastKnownFileType = file.storyboard; path = Observer.storyboard; sourceTree = "<group>"; };
		7BC3C5DC2A1F87F8007F61C9 /* Observer.swift */ = {isa = PBXFileReference; lastKnownFileType = sourcecode.swift; path = Observer.swift; sourceTree = "<group>"; };
/* End PBXFileReference section */

/* Begin PBXFrameworksBuildPhase section */
		7BC3C5932A0B9695007F61C9 /* Frameworks */ = {
			isa = PBXFrameworksBuildPhase;
			buildActionMask = 2147483647;
			files = (
			);
			runOnlyForDeploymentPostprocessing = 0;
		};
/* End PBXFrameworksBuildPhase section */

/* Begin PBXGroup section */
		7B2D1F552A4C700D00FDB1CB /* Composite */ = {
			isa = PBXGroup;
			children = (
				7B2D1F562A4C706300FDB1CB /* Composite.storyboard */,
				7B2D1F5A2A4C70D500FDB1CB /* Composite.swift */,
				7B2D1F582A4C707100FDB1CB /* CompositeViewController.swift */,
			);
			path = Composite;
			sourceTree = "<group>";
		};
		7B5A838F2B4FDE5500459125 /* ChainOfResponsibility */ = {
			isa = PBXGroup;
			children = (
				7B5A83A02B50351E00459125 /* Requests.swift */,
				7B5A83942B4FE41D00459125 /* Handlers.swift */,
				7B5A839E2B5034FA00459125 /* RequestErrors.swift */,
				7B5A839A2B4FEC3D00459125 /* ChainOfResponsibility.storyboard */,
				7B5A839C2B4FECAC00459125 /* ChainOfResposibilityViewController.swift */,
			);
			path = ChainOfResponsibility;
			sourceTree = "<group>";
		};
		7B7191C62A371F92008A930B /* Builder */ = {
			isa = PBXGroup;
			children = (
				7B7191C72A372049008A930B /* BuilderViewController.swift */,
				7B7191C92A37206F008A930B /* Builder.storyboard */,
				7B7191CB2A372077008A930B /* Builder.swift */,
				7B7191CD2A3758E0008A930B /* FinishedMotorcycleBuilder.swift */,
				7B7191CF2A375905008A930B /* MotorcycleShop.swift */,
			);
			path = Builder;
			sourceTree = "<group>";
		};
		7BC3C58D2A0B9695007F61C9 = {
			isa = PBXGroup;
			children = (
				7BC3C5982A0B9696007F61C9 /* Adapter */,
				7BC3C5972A0B9696007F61C9 /* Products */,
			);
			sourceTree = "<group>";
		};
		7BC3C5972A0B9696007F61C9 /* Products */ = {
			isa = PBXGroup;
			children = (
				7BC3C5962A0B9696007F61C9 /* Adapter.app */,
			);
			name = Products;
			sourceTree = "<group>";
		};
		7BC3C5982A0B9696007F61C9 /* Adapter */ = {
			isa = PBXGroup;
			children = (
				7BC3C5992A0B9696007F61C9 /* AppDelegate.swift */,
				7BC3C59B2A0B9696007F61C9 /* SceneDelegate.swift */,
				7B5A83982B4FE7A400459125 /* Extensions.swift */,
				7BC3C5CF2A1B6EB3007F61C9 /* AdapterStateFacade */,
				7BC3C5D02A1B70B7007F61C9 /* Decorator */,
				7BC3C5D72A1F85A2007F61C9 /* Observer */,
				7B7191C62A371F92008A930B /* Builder */,
				7B2D1F552A4C700D00FDB1CB /* Composite */,
				7B5A838F2B4FDE5500459125 /* ChainOfResponsibility */,
				7BC3C5CB2A1B6CD2007F61C9 /* Menu.storyboard */,
				7BC3C5CD2A1B6CE1007F61C9 /* MenuViewController.swift */,
				7BC3C5A22A0B9696007F61C9 /* Assets.xcassets */,
				7BC3C5A42A0B9696007F61C9 /* LaunchScreen.storyboard */,
				7BC3C5A72A0B9696007F61C9 /* Info.plist */,
			);
			path = Adapter;
			sourceTree = "<group>";
		};
		7BC3C5B32A1242B0007F61C9 /* Adapter */ = {
			isa = PBXGroup;
			children = (
				7BC3C5AD2A0BAF2C007F61C9 /* Motorcycles.swift */,
				7BC3C5B12A0CFADD007F61C9 /* Adaptee.swift */,
				7BC3C5AF2A0BB058007F61C9 /* Adapter.swift */,
			);
			path = Adapter;
			sourceTree = "<group>";
		};
		7BC3C5B42A1242E0007F61C9 /* State */ = {
			isa = PBXGroup;
			children = (
				7BC3C5BD2A124F6D007F61C9 /* States */,
				7BC3C5B92A124E90007F61C9 /* MotorcycleProtocol.swift */,
				7BC3C5BE2A124FA4007F61C9 /* Motorcycle.swift */,
			);
			path = State;
			sourceTree = "<group>";
		};
		7BC3C5BD2A124F6D007F61C9 /* States */ = {
			isa = PBXGroup;
			children = (
				7BC3C5BB2A124ED1007F61C9 /* MotorcycleState.swift */,
				7BC3C5C02A125441007F61C9 /* MovingState.swift */,
				7BC3C5C22A125AE7007F61C9 /* StoppedState.swift */,
			);
			path = States;
			sourceTree = "<group>";
		};
		7BC3C5C62A14C8C1007F61C9 /* Facade */ = {
			isa = PBXGroup;
			children = (
				7BC3C5C72A14C8F1007F61C9 /* UIImageViewExtension.swift */,
				7BC3C5C92A14C928007F61C9 /* ImageDownloader.swift */,
			);
			path = Facade;
			sourceTree = "<group>";
		};
		7BC3C5CF2A1B6EB3007F61C9 /* AdapterStateFacade */ = {
			isa = PBXGroup;
			children = (
				7BC3C5B32A1242B0007F61C9 /* Adapter */,
				7BC3C5B42A1242E0007F61C9 /* State */,
				7BC3C5C62A14C8C1007F61C9 /* Facade */,
				7BC3C59D2A0B9696007F61C9 /* AdapterViewController.swift */,
				7BC3C5B72A1249AB007F61C9 /* StateFacadeViewController.swift */,
				7BC3C59F2A0B9696007F61C9 /* Adapter.storyboard */,
				7BC3C5B52A12498C007F61C9 /* StateFacade.storyboard */,
			);
			path = AdapterStateFacade;
			sourceTree = "<group>";
		};
		7BC3C5D02A1B70B7007F61C9 /* Decorator */ = {
			isa = PBXGroup;
			children = (
				7BC3C5D12A1B70C7007F61C9 /* DecoratorViewController.swift */,
				7BC3C5D32A1B70CF007F61C9 /* Decorator.storyboard */,
				7BC3C5D52A1B8C1D007F61C9 /* Decorator.swift */,
			);
			path = Decorator;
			sourceTree = "<group>";
		};
		7BC3C5D72A1F85A2007F61C9 /* Observer */ = {
			isa = PBXGroup;
			children = (
				7BC3C5D82A1F865A007F61C9 /* ObserverViewController.swift */,
				7BC3C5DA2A1F8662007F61C9 /* Observer.storyboard */,
				7BC3C5DC2A1F87F8007F61C9 /* Observer.swift */,
			);
			path = Observer;
			sourceTree = "<group>";
		};
/* End PBXGroup section */

/* Begin PBXNativeTarget section */
		7BC3C5952A0B9695007F61C9 /* Adapter */ = {
			isa = PBXNativeTarget;
			buildConfigurationList = 7BC3C5AA2A0B9696007F61C9 /* Build configuration list for PBXNativeTarget "Adapter" */;
			buildPhases = (
				7BC3C5922A0B9695007F61C9 /* Sources */,
				7BC3C5932A0B9695007F61C9 /* Frameworks */,
				7BC3C5942A0B9695007F61C9 /* Resources */,
			);
			buildRules = (
			);
			dependencies = (
			);
			name = Adapter;
			productName = Adapter;
			productReference = 7BC3C5962A0B9696007F61C9 /* Adapter.app */;
			productType = "com.apple.product-type.application";
		};
/* End PBXNativeTarget section */

/* Begin PBXProject section */
		7BC3C58E2A0B9695007F61C9 /* Project object */ = {
			isa = PBXProject;
			attributes = {
				BuildIndependentTargetsInParallel = 1;
				LastSwiftUpdateCheck = 1420;
				LastUpgradeCheck = 1420;
				TargetAttributes = {
					7BC3C5952A0B9695007F61C9 = {
						CreatedOnToolsVersion = 14.2;
					};
				};
			};
			buildConfigurationList = 7BC3C5912A0B9695007F61C9 /* Build configuration list for PBXProject "Adapter" */;
			compatibilityVersion = "Xcode 14.0";
			developmentRegion = en;
			hasScannedForEncodings = 0;
			knownRegions = (
				en,
				Base,
			);
			mainGroup = 7BC3C58D2A0B9695007F61C9;
			productRefGroup = 7BC3C5972A0B9696007F61C9 /* Products */;
			projectDirPath = "";
			projectRoot = "";
			targets = (
				7BC3C5952A0B9695007F61C9 /* Adapter */,
			);
		};
/* End PBXProject section */

/* Begin PBXResourcesBuildPhase section */
		7BC3C5942A0B9695007F61C9 /* Resources */ = {
			isa = PBXResourcesBuildPhase;
			buildActionMask = 2147483647;
			files = (
				7B5A839B2B4FEC3D00459125 /* ChainOfResponsibility.storyboard in Resources */,
				7B7191CA2A37206F008A930B /* Builder.storyboard in Resources */,
				7BC3C5D42A1B70CF007F61C9 /* Decorator.storyboard in Resources */,
				7BC3C5CC2A1B6CD2007F61C9 /* Menu.storyboard in Resources */,
				7BC3C5A62A0B9696007F61C9 /* LaunchScreen.storyboard in Resources */,
				7BC3C5DB2A1F8662007F61C9 /* Observer.storyboard in Resources */,
				7BC3C5B62A12498C007F61C9 /* StateFacade.storyboard in Resources */,
				7B2D1F572A4C706300FDB1CB /* Composite.storyboard in Resources */,
				7BC3C5A32A0B9696007F61C9 /* Assets.xcassets in Resources */,
				7BC3C5A12A0B9696007F61C9 /* Adapter.storyboard in Resources */,
			);
			runOnlyForDeploymentPostprocessing = 0;
		};
/* End PBXResourcesBuildPhase section */

/* Begin PBXSourcesBuildPhase section */
		7BC3C5922A0B9695007F61C9 /* Sources */ = {
			isa = PBXSourcesBuildPhase;
			buildActionMask = 2147483647;
			files = (
				7B7191C82A372049008A930B /* BuilderViewController.swift in Sources */,
				7B5A83A12B50351E00459125 /* Requests.swift in Sources */,
				7BC3C59E2A0B9696007F61C9 /* AdapterViewController.swift in Sources */,
				7B5A839F2B5034FA00459125 /* RequestErrors.swift in Sources */,
				7B2D1F592A4C707100FDB1CB /* CompositeViewController.swift in Sources */,
				7B7191CC2A372077008A930B /* Builder.swift in Sources */,
				7BC3C5CE2A1B6CE1007F61C9 /* MenuViewController.swift in Sources */,
				7BC3C5D62A1B8C1D007F61C9 /* Decorator.swift in Sources */,
				7B5A83952B4FE41D00459125 /* Handlers.swift in Sources */,
				7B5A83992B4FE7A400459125 /* Extensions.swift in Sources */,
				7B7191D02A375905008A930B /* MotorcycleShop.swift in Sources */,
				7BC3C5C32A125AE7007F61C9 /* StoppedState.swift in Sources */,
				7BC3C5CA2A14C928007F61C9 /* ImageDownloader.swift in Sources */,
				7BC3C59A2A0B9696007F61C9 /* AppDelegate.swift in Sources */,
				7BC3C5BC2A124ED1007F61C9 /* MotorcycleState.swift in Sources */,
				7BC3C5BA2A124E90007F61C9 /* MotorcycleProtocol.swift in Sources */,
				7BC3C5BF2A124FA4007F61C9 /* Motorcycle.swift in Sources */,
				7BC3C5DD2A1F87F8007F61C9 /* Observer.swift in Sources */,
				7BC3C5B82A1249AB007F61C9 /* StateFacadeViewController.swift in Sources */,
				7BC3C5AE2A0BAF2C007F61C9 /* Motorcycles.swift in Sources */,
				7BC3C5D22A1B70C7007F61C9 /* DecoratorViewController.swift in Sources */,
				7BC3C5C12A125441007F61C9 /* MovingState.swift in Sources */,
				7B7191CE2A3758E0008A930B /* FinishedMotorcycleBuilder.swift in Sources */,
				7BC3C5B02A0BB058007F61C9 /* Adapter.swift in Sources */,
				7B2D1F5B2A4C70D500FDB1CB /* Composite.swift in Sources */,
				7BC3C5D92A1F865A007F61C9 /* ObserverViewController.swift in Sources */,
				7B5A839D2B4FECAC00459125 /* ChainOfResposibilityViewController.swift in Sources */,
				7BC3C5B22A0CFADD007F61C9 /* Adaptee.swift in Sources */,
				7BC3C5C82A14C8F1007F61C9 /* UIImageViewExtension.swift in Sources */,
				7BC3C59C2A0B9696007F61C9 /* SceneDelegate.swift in Sources */,
			);
			runOnlyForDeploymentPostprocessing = 0;
		};
/* End PBXSourcesBuildPhase section */

/* Begin PBXVariantGroup section */
		7BC3C59F2A0B9696007F61C9 /* Adapter.storyboard */ = {
			isa = PBXVariantGroup;
			children = (
				7BC3C5A02A0B9696007F61C9 /* Base */,
			);
			name = Adapter.storyboard;
			sourceTree = "<group>";
		};
		7BC3C5A42A0B9696007F61C9 /* LaunchScreen.storyboard */ = {
			isa = PBXVariantGroup;
			children = (
				7BC3C5A52A0B9696007F61C9 /* Base */,
			);
			name = LaunchScreen.storyboard;
			sourceTree = "<group>";
		};
/* End PBXVariantGroup section */

/* Begin XCBuildConfiguration section */
		7BC3C5A82A0B9696007F61C9 /* Debug */ = {
			isa = XCBuildConfiguration;
			buildSettings = {
				ALWAYS_SEARCH_USER_PATHS = NO;
				CLANG_ANALYZER_NONNULL = YES;
				CLANG_ANALYZER_NUMBER_OBJECT_CONVERSION = YES_AGGRESSIVE;
				CLANG_CXX_LANGUAGE_STANDARD = "gnu++20";
				CLANG_ENABLE_MODULES = YES;
				CLANG_ENABLE_OBJC_ARC = YES;
				CLANG_ENABLE_OBJC_WEAK = YES;
				CLANG_WARN_BLOCK_CAPTURE_AUTORELEASING = YES;
				CLANG_WARN_BOOL_CONVERSION = YES;
				CLANG_WARN_COMMA = YES;
				CLANG_WARN_CONSTANT_CONVERSION = YES;
				CLANG_WARN_DEPRECATED_OBJC_IMPLEMENTATIONS = YES;
				CLANG_WARN_DIRECT_OBJC_ISA_USAGE = YES_ERROR;
				CLANG_WARN_DOCUMENTATION_COMMENTS = YES;
				CLANG_WARN_EMPTY_BODY = YES;
				CLANG_WARN_ENUM_CONVERSION = YES;
				CLANG_WARN_INFINITE_RECURSION = YES;
				CLANG_WARN_INT_CONVERSION = YES;
				CLANG_WARN_NON_LITERAL_NULL_CONVERSION = YES;
				CLANG_WARN_OBJC_IMPLICIT_RETAIN_SELF = YES;
				CLANG_WARN_OBJC_LITERAL_CONVERSION = YES;
				CLANG_WARN_OBJC_ROOT_CLASS = YES_ERROR;
				CLANG_WARN_QUOTED_INCLUDE_IN_FRAMEWORK_HEADER = YES;
				CLANG_WARN_RANGE_LOOP_ANALYSIS = YES;
				CLANG_WARN_STRICT_PROTOTYPES = YES;
				CLANG_WARN_SUSPICIOUS_MOVE = YES;
				CLANG_WARN_UNGUARDED_AVAILABILITY = YES_AGGRESSIVE;
				CLANG_WARN_UNREACHABLE_CODE = YES;
				CLANG_WARN__DUPLICATE_METHOD_MATCH = YES;
				COPY_PHASE_STRIP = NO;
				DEBUG_INFORMATION_FORMAT = dwarf;
				ENABLE_STRICT_OBJC_MSGSEND = YES;
				ENABLE_TESTABILITY = YES;
				GCC_C_LANGUAGE_STANDARD = gnu11;
				GCC_DYNAMIC_NO_PIC = NO;
				GCC_NO_COMMON_BLOCKS = YES;
				GCC_OPTIMIZATION_LEVEL = 0;
				GCC_PREPROCESSOR_DEFINITIONS = (
					"DEBUG=1",
					"$(inherited)",
				);
				GCC_WARN_64_TO_32_BIT_CONVERSION = YES;
				GCC_WARN_ABOUT_RETURN_TYPE = YES_ERROR;
				GCC_WARN_UNDECLARED_SELECTOR = YES;
				GCC_WARN_UNINITIALIZED_AUTOS = YES_AGGRESSIVE;
				GCC_WARN_UNUSED_FUNCTION = YES;
				GCC_WARN_UNUSED_VARIABLE = YES;
				IPHONEOS_DEPLOYMENT_TARGET = 16.2;
				MTL_ENABLE_DEBUG_INFO = INCLUDE_SOURCE;
				MTL_FAST_MATH = YES;
				ONLY_ACTIVE_ARCH = YES;
				SDKROOT = iphoneos;
				SWIFT_ACTIVE_COMPILATION_CONDITIONS = DEBUG;
				SWIFT_OPTIMIZATION_LEVEL = "-Onone";
			};
			name = Debug;
		};
		7BC3C5A92A0B9696007F61C9 /* Release */ = {
			isa = XCBuildConfiguration;
			buildSettings = {
				ALWAYS_SEARCH_USER_PATHS = NO;
				CLANG_ANALYZER_NONNULL = YES;
				CLANG_ANALYZER_NUMBER_OBJECT_CONVERSION = YES_AGGRESSIVE;
				CLANG_CXX_LANGUAGE_STANDARD = "gnu++20";
				CLANG_ENABLE_MODULES = YES;
				CLANG_ENABLE_OBJC_ARC = YES;
				CLANG_ENABLE_OBJC_WEAK = YES;
				CLANG_WARN_BLOCK_CAPTURE_AUTORELEASING = YES;
				CLANG_WARN_BOOL_CONVERSION = YES;
				CLANG_WARN_COMMA = YES;
				CLANG_WARN_CONSTANT_CONVERSION = YES;
				CLANG_WARN_DEPRECATED_OBJC_IMPLEMENTATIONS = YES;
				CLANG_WARN_DIRECT_OBJC_ISA_USAGE = YES_ERROR;
				CLANG_WARN_DOCUMENTATION_COMMENTS = YES;
				CLANG_WARN_EMPTY_BODY = YES;
				CLANG_WARN_ENUM_CONVERSION = YES;
				CLANG_WARN_INFINITE_RECURSION = YES;
				CLANG_WARN_INT_CONVERSION = YES;
				CLANG_WARN_NON_LITERAL_NULL_CONVERSION = YES;
				CLANG_WARN_OBJC_IMPLICIT_RETAIN_SELF = YES;
				CLANG_WARN_OBJC_LITERAL_CONVERSION = YES;
				CLANG_WARN_OBJC_ROOT_CLASS = YES_ERROR;
				CLANG_WARN_QUOTED_INCLUDE_IN_FRAMEWORK_HEADER = YES;
				CLANG_WARN_RANGE_LOOP_ANALYSIS = YES;
				CLANG_WARN_STRICT_PROTOTYPES = YES;
				CLANG_WARN_SUSPICIOUS_MOVE = YES;
				CLANG_WARN_UNGUARDED_AVAILABILITY = YES_AGGRESSIVE;
				CLANG_WARN_UNREACHABLE_CODE = YES;
				CLANG_WARN__DUPLICATE_METHOD_MATCH = YES;
				COPY_PHASE_STRIP = NO;
				DEBUG_INFORMATION_FORMAT = "dwarf-with-dsym";
				ENABLE_NS_ASSERTIONS = NO;
				ENABLE_STRICT_OBJC_MSGSEND = YES;
				GCC_C_LANGUAGE_STANDARD = gnu11;
				GCC_NO_COMMON_BLOCKS = YES;
				GCC_WARN_64_TO_32_BIT_CONVERSION = YES;
				GCC_WARN_ABOUT_RETURN_TYPE = YES_ERROR;
				GCC_WARN_UNDECLARED_SELECTOR = YES;
				GCC_WARN_UNINITIALIZED_AUTOS = YES_AGGRESSIVE;
				GCC_WARN_UNUSED_FUNCTION = YES;
				GCC_WARN_UNUSED_VARIABLE = YES;
				IPHONEOS_DEPLOYMENT_TARGET = 16.2;
				MTL_ENABLE_DEBUG_INFO = NO;
				MTL_FAST_MATH = YES;
				SDKROOT = iphoneos;
				SWIFT_COMPILATION_MODE = wholemodule;
				SWIFT_OPTIMIZATION_LEVEL = "-O";
				VALIDATE_PRODUCT = YES;
			};
			name = Release;
		};
		7BC3C5AB2A0B9696007F61C9 /* Debug */ = {
			isa = XCBuildConfiguration;
			buildSettings = {
				ASSETCATALOG_COMPILER_APPICON_NAME = AppIcon;
				ASSETCATALOG_COMPILER_GLOBAL_ACCENT_COLOR_NAME = AccentColor;
				CODE_SIGN_STYLE = Automatic;
				CURRENT_PROJECT_VERSION = 1;
				DEVELOPMENT_TEAM = GPK728TG3G;
				GENERATE_INFOPLIST_FILE = YES;
				INFOPLIST_FILE = Adapter/Info.plist;
				INFOPLIST_KEY_UIApplicationSupportsIndirectInputEvents = YES;
				INFOPLIST_KEY_UILaunchStoryboardName = LaunchScreen;
				INFOPLIST_KEY_UIMainStoryboardFile = Menu;
				INFOPLIST_KEY_UISupportedInterfaceOrientations_iPad = "UIInterfaceOrientationPortrait UIInterfaceOrientationPortraitUpsideDown UIInterfaceOrientationLandscapeLeft UIInterfaceOrientationLandscapeRight";
				INFOPLIST_KEY_UISupportedInterfaceOrientations_iPhone = "UIInterfaceOrientationPortrait UIInterfaceOrientationLandscapeLeft UIInterfaceOrientationLandscapeRight";
				LD_RUNPATH_SEARCH_PATHS = (
					"$(inherited)",
					"@executable_path/Frameworks",
				);
				MARKETING_VERSION = 1.0;
				PRODUCT_BUNDLE_IDENTIFIER = com.adapter.Adapter;
				PRODUCT_NAME = "$(TARGET_NAME)";
				SWIFT_EMIT_LOC_STRINGS = YES;
				SWIFT_VERSION = 5.0;
				TARGETED_DEVICE_FAMILY = "1,2";
			};
			name = Debug;
		};
		7BC3C5AC2A0B9696007F61C9 /* Release */ = {
			isa = XCBuildConfiguration;
			buildSettings = {
				ASSETCATALOG_COMPILER_APPICON_NAME = AppIcon;
				ASSETCATALOG_COMPILER_GLOBAL_ACCENT_COLOR_NAME = AccentColor;
				CODE_SIGN_STYLE = Automatic;
				CURRENT_PROJECT_VERSION = 1;
				DEVELOPMENT_TEAM = GPK728TG3G;
				GENERATE_INFOPLIST_FILE = YES;
				INFOPLIST_FILE = Adapter/Info.plist;
				INFOPLIST_KEY_UIApplicationSupportsIndirectInputEvents = YES;
				INFOPLIST_KEY_UILaunchStoryboardName = LaunchScreen;
				INFOPLIST_KEY_UIMainStoryboardFile = Menu;
				INFOPLIST_KEY_UISupportedInterfaceOrientations_iPad = "UIInterfaceOrientationPortrait UIInterfaceOrientationPortraitUpsideDown UIInterfaceOrientationLandscapeLeft UIInterfaceOrientationLandscapeRight";
				INFOPLIST_KEY_UISupportedInterfaceOrientations_iPhone = "UIInterfaceOrientationPortrait UIInterfaceOrientationLandscapeLeft UIInterfaceOrientationLandscapeRight";
				LD_RUNPATH_SEARCH_PATHS = (
					"$(inherited)",
					"@executable_path/Frameworks",
				);
				MARKETING_VERSION = 1.0;
				PRODUCT_BUNDLE_IDENTIFIER = com.adapter.Adapter;
				PRODUCT_NAME = "$(TARGET_NAME)";
				SWIFT_EMIT_LOC_STRINGS = YES;
				SWIFT_VERSION = 5.0;
				TARGETED_DEVICE_FAMILY = "1,2";
			};
			name = Release;
		};
/* End XCBuildConfiguration section */

/* Begin XCConfigurationList section */
		7BC3C5912A0B9695007F61C9 /* Build configuration list for PBXProject "Adapter" */ = {
			isa = XCConfigurationList;
			buildConfigurations = (
				7BC3C5A82A0B9696007F61C9 /* Debug */,
				7BC3C5A92A0B9696007F61C9 /* Release */,
			);
			defaultConfigurationIsVisible = 0;
			defaultConfigurationName = Release;
		};
		7BC3C5AA2A0B9696007F61C9 /* Build configuration list for PBXNativeTarget "Adapter" */ = {
			isa = XCConfigurationList;
			buildConfigurations = (
				7BC3C5AB2A0B9696007F61C9 /* Debug */,
				7BC3C5AC2A0B9696007F61C9 /* Release */,
			);
			defaultConfigurationIsVisible = 0;
			defaultConfigurationName = Release;
		};
/* End XCConfigurationList section */
	};
	rootObject = 7BC3C58E2A0B9695007F61C9 /* Project object */;
}
